// !$*UTF8*$!
{
	archiveVersion = 1;
	classes = {
	};
	objectVersion = 55;
	objects = {

/* Begin PBXBuildFile section */
		2E436A4729AF4384005DB4A3 /* AppDelegate.swift in Sources */ = {isa = PBXBuildFile; fileRef = 2E436A4629AF4384005DB4A3 /* AppDelegate.swift */; };
		2E436A4929AF4384005DB4A3 /* SceneDelegate.swift in Sources */ = {isa = PBXBuildFile; fileRef = 2E436A4829AF4384005DB4A3 /* SceneDelegate.swift */; };
		2E436A5029AF4388005DB4A3 /* Assets.xcassets in Resources */ = {isa = PBXBuildFile; fileRef = 2E436A4F29AF4388005DB4A3 /* Assets.xcassets */; };
		2E436A5329AF4388005DB4A3 /* LaunchScreen.storyboard in Resources */ = {isa = PBXBuildFile; fileRef = 2E436A5129AF4388005DB4A3 /* LaunchScreen.storyboard */; };
		2E436A5E29AF4388005DB4A3 /* iOS_CalculatorTests.swift in Sources */ = {isa = PBXBuildFile; fileRef = 2E436A5D29AF4388005DB4A3 /* iOS_CalculatorTests.swift */; };
		2E436A6829AF4388005DB4A3 /* iOS_CalculatorUITests.swift in Sources */ = {isa = PBXBuildFile; fileRef = 2E436A6729AF4388005DB4A3 /* iOS_CalculatorUITests.swift */; };
		2E436A6A29AF4388005DB4A3 /* iOS_CalculatorUITestsLaunchTests.swift in Sources */ = {isa = PBXBuildFile; fileRef = 2E436A6929AF4388005DB4A3 /* iOS_CalculatorUITestsLaunchTests.swift */; };
		2E78322629B1F0670095851F /* UIButtonExtesion.swift in Sources */ = {isa = PBXBuildFile; fileRef = 2E78322529B1F0670095851F /* UIButtonExtesion.swift */; };
		2EC53F6329B094370064100B /* HomeViewController.swift in Sources */ = {isa = PBXBuildFile; fileRef = 2EC53F6129B094370064100B /* HomeViewController.swift */; };
		2EC53F6429B094370064100B /* HomeViewController.xib in Resources */ = {isa = PBXBuildFile; fileRef = 2EC53F6229B094370064100B /* HomeViewController.xib */; };
/* End PBXBuildFile section */

/* Begin PBXContainerItemProxy section */
		2E436A5A29AF4388005DB4A3 /* PBXContainerItemProxy */ = {
			isa = PBXContainerItemProxy;
			containerPortal = 2E436A3B29AF4384005DB4A3 /* Project object */;
			proxyType = 1;
			remoteGlobalIDString = 2E436A4229AF4384005DB4A3;
			remoteInfo = "iOS-Calculator";
		};
		2E436A6429AF4388005DB4A3 /* PBXContainerItemProxy */ = {
			isa = PBXContainerItemProxy;
			containerPortal = 2E436A3B29AF4384005DB4A3 /* Project object */;
			proxyType = 1;
			remoteGlobalIDString = 2E436A4229AF4384005DB4A3;
			remoteInfo = "iOS-Calculator";
		};
/* End PBXContainerItemProxy section */

/* Begin PBXFileReference section */
		2E436A4329AF4384005DB4A3 /* iOS-Calculator.app */ = {isa = PBXFileReference; explicitFileType = wrapper.application; includeInIndex = 0; path = "iOS-Calculator.app"; sourceTree = BUILT_PRODUCTS_DIR; };
		2E436A4629AF4384005DB4A3 /* AppDelegate.swift */ = {isa = PBXFileReference; lastKnownFileType = sourcecode.swift; path = AppDelegate.swift; sourceTree = "<group>"; };
		2E436A4829AF4384005DB4A3 /* SceneDelegate.swift */ = {isa = PBXFileReference; lastKnownFileType = sourcecode.swift; path = SceneDelegate.swift; sourceTree = "<group>"; };
		2E436A4F29AF4388005DB4A3 /* Assets.xcassets */ = {isa = PBXFileReference; lastKnownFileType = folder.assetcatalog; path = Assets.xcassets; sourceTree = "<group>"; };
		2E436A5229AF4388005DB4A3 /* Base */ = {isa = PBXFileReference; lastKnownFileType = file.storyboard; name = Base; path = Base.lproj/LaunchScreen.storyboard; sourceTree = "<group>"; };
		2E436A5429AF4388005DB4A3 /* Info.plist */ = {isa = PBXFileReference; lastKnownFileType = text.plist.xml; path = Info.plist; sourceTree = "<group>"; };
		2E436A5929AF4388005DB4A3 /* iOS-CalculatorTests.xctest */ = {isa = PBXFileReference; explicitFileType = wrapper.cfbundle; includeInIndex = 0; path = "iOS-CalculatorTests.xctest"; sourceTree = BUILT_PRODUCTS_DIR; };
		2E436A5D29AF4388005DB4A3 /* iOS_CalculatorTests.swift */ = {isa = PBXFileReference; lastKnownFileType = sourcecode.swift; path = iOS_CalculatorTests.swift; sourceTree = "<group>"; };
		2E436A6329AF4388005DB4A3 /* iOS-CalculatorUITests.xctest */ = {isa = PBXFileReference; explicitFileType = wrapper.cfbundle; includeInIndex = 0; path = "iOS-CalculatorUITests.xctest"; sourceTree = BUILT_PRODUCTS_DIR; };
		2E436A6729AF4388005DB4A3 /* iOS_CalculatorUITests.swift */ = {isa = PBXFileReference; lastKnownFileType = sourcecode.swift; path = iOS_CalculatorUITests.swift; sourceTree = "<group>"; };
		2E436A6929AF4388005DB4A3 /* iOS_CalculatorUITestsLaunchTests.swift */ = {isa = PBXFileReference; lastKnownFileType = sourcecode.swift; path = iOS_CalculatorUITestsLaunchTests.swift; sourceTree = "<group>"; };
		2E78322529B1F0670095851F /* UIButtonExtesion.swift */ = {isa = PBXFileReference; lastKnownFileType = sourcecode.swift; path = UIButtonExtesion.swift; sourceTree = "<group>"; };
		2EC53F6129B094370064100B /* HomeViewController.swift */ = {isa = PBXFileReference; lastKnownFileType = sourcecode.swift; path = HomeViewController.swift; sourceTree = "<group>"; };
		2EC53F6229B094370064100B /* HomeViewController.xib */ = {isa = PBXFileReference; lastKnownFileType = file.xib; path = HomeViewController.xib; sourceTree = "<group>"; };
/* End PBXFileReference section */

/* Begin PBXFrameworksBuildPhase section */
		2E436A4029AF4384005DB4A3 /* Frameworks */ = {
			isa = PBXFrameworksBuildPhase;
			buildActionMask = 2147483647;
			files = (
			);
			runOnlyForDeploymentPostprocessing = 0;
		};
		2E436A5629AF4388005DB4A3 /* Frameworks */ = {
			isa = PBXFrameworksBuildPhase;
			buildActionMask = 2147483647;
			files = (
			);
			runOnlyForDeploymentPostprocessing = 0;
		};
		2E436A6029AF4388005DB4A3 /* Frameworks */ = {
			isa = PBXFrameworksBuildPhase;
			buildActionMask = 2147483647;
			files = (
			);
			runOnlyForDeploymentPostprocessing = 0;
		};
/* End PBXFrameworksBuildPhase section */

/* Begin PBXGroup section */
		2E436A3A29AF4384005DB4A3 = {
			isa = PBXGroup;
			children = (
				2E436A4529AF4384005DB4A3 /* iOS-Calculator */,
				2E436A5C29AF4388005DB4A3 /* iOS-CalculatorTests */,
				2E436A6629AF4388005DB4A3 /* iOS-CalculatorUITests */,
				2E436A4429AF4384005DB4A3 /* Products */,
			);
			sourceTree = "<group>";
		};
		2E436A4429AF4384005DB4A3 /* Products */ = {
			isa = PBXGroup;
			children = (
				2E436A4329AF4384005DB4A3 /* iOS-Calculator.app */,
				2E436A5929AF4388005DB4A3 /* iOS-CalculatorTests.xctest */,
				2E436A6329AF4388005DB4A3 /* iOS-CalculatorUITests.xctest */,
			);
			name = Products;
			sourceTree = "<group>";
		};
		2E436A4529AF4384005DB4A3 /* iOS-Calculator */ = {
			isa = PBXGroup;
			children = (
				2E436A4629AF4384005DB4A3 /* AppDelegate.swift */,
				2E436A7629AF54A4005DB4A3 /* View */,
				2E436A7C29AF572C005DB4A3 /* Home */,
				2E436A7729AF54B8005DB4A3 /* Controller */,
				2E436A7829AF54C6005DB4A3 /* Model */,
				2E436A7929AF54E2005DB4A3 /* Util */,
				2E436A7A29AF5593005DB4A3 /* Supporting Files */,
				2E436A4829AF4384005DB4A3 /* SceneDelegate.swift */,
				2E436A4F29AF4388005DB4A3 /* Assets.xcassets */,
			);
			path = "iOS-Calculator";
			sourceTree = "<group>";
		};
		2E436A5C29AF4388005DB4A3 /* iOS-CalculatorTests */ = {
			isa = PBXGroup;
			children = (
				2E436A5D29AF4388005DB4A3 /* iOS_CalculatorTests.swift */,
			);
			path = "iOS-CalculatorTests";
			sourceTree = "<group>";
		};
		2E436A6629AF4388005DB4A3 /* iOS-CalculatorUITests */ = {
			isa = PBXGroup;
			children = (
				2E436A6729AF4388005DB4A3 /* iOS_CalculatorUITests.swift */,
				2E436A6929AF4388005DB4A3 /* iOS_CalculatorUITestsLaunchTests.swift */,
			);
			path = "iOS-CalculatorUITests";
			sourceTree = "<group>";
		};
		2E436A7629AF54A4005DB4A3 /* View */ = {
			isa = PBXGroup;
			children = (
				2E436A7B29AF55FB005DB4A3 /* Launch */,
			);
			path = View;
			sourceTree = "<group>";
		};
		2E436A7729AF54B8005DB4A3 /* Controller */ = {
			isa = PBXGroup;
			children = (
				2E436A7D29AF5750005DB4A3 /* Home */,
			);
			path = Controller;
			sourceTree = "<group>";
		};
		2E436A7829AF54C6005DB4A3 /* Model */ = {
			isa = PBXGroup;
			children = (
			);
			path = Model;
			sourceTree = "<group>";
		};
		2E436A7929AF54E2005DB4A3 /* Util */ = {
			isa = PBXGroup;
			children = (
				2E78322529B1F0670095851F /* UIButtonExtesion.swift */,
			);
			path = Util;
			sourceTree = "<group>";
		};
		2E436A7A29AF5593005DB4A3 /* Supporting Files */ = {
			isa = PBXGroup;
			children = (
				2E436A5429AF4388005DB4A3 /* Info.plist */,
			);
			path = "Supporting Files";
			sourceTree = "<group>";
		};
		2E436A7B29AF55FB005DB4A3 /* Launch */ = {
			isa = PBXGroup;
			children = (
				2E436A5129AF4388005DB4A3 /* LaunchScreen.storyboard */,
			);
			path = Launch;
			sourceTree = "<group>";
		};
		2E436A7C29AF572C005DB4A3 /* Home */ = {
			isa = PBXGroup;
			children = (
				2EC53F6229B094370064100B /* HomeViewController.xib */,
			);
			path = Home;
			sourceTree = "<group>";
		};
		2E436A7D29AF5750005DB4A3 /* Home */ = {
			isa = PBXGroup;
			children = (
				2EC53F6129B094370064100B /* HomeViewController.swift */,
			);
			path = Home;
			sourceTree = "<group>";
		};
/* End PBXGroup section */

/* Begin PBXNativeTarget section */
		2E436A4229AF4384005DB4A3 /* iOS-Calculator */ = {
			isa = PBXNativeTarget;
			buildConfigurationList = 2E436A6D29AF4388005DB4A3 /* Build configuration list for PBXNativeTarget "iOS-Calculator" */;
			buildPhases = (
				2E436A3F29AF4384005DB4A3 /* Sources */,
				2E436A4029AF4384005DB4A3 /* Frameworks */,
				2E436A4129AF4384005DB4A3 /* Resources */,
			);
			buildRules = (
			);
			dependencies = (
			);
			name = "iOS-Calculator";
			productName = "iOS-Calculator";
			productReference = 2E436A4329AF4384005DB4A3 /* iOS-Calculator.app */;
			productType = "com.apple.product-type.application";
		};
		2E436A5829AF4388005DB4A3 /* iOS-CalculatorTests */ = {
			isa = PBXNativeTarget;
			buildConfigurationList = 2E436A7029AF4388005DB4A3 /* Build configuration list for PBXNativeTarget "iOS-CalculatorTests" */;
			buildPhases = (
				2E436A5529AF4388005DB4A3 /* Sources */,
				2E436A5629AF4388005DB4A3 /* Frameworks */,
				2E436A5729AF4388005DB4A3 /* Resources */,
			);
			buildRules = (
			);
			dependencies = (
				2E436A5B29AF4388005DB4A3 /* PBXTargetDependency */,
			);
			name = "iOS-CalculatorTests";
			productName = "iOS-CalculatorTests";
			productReference = 2E436A5929AF4388005DB4A3 /* iOS-CalculatorTests.xctest */;
			productType = "com.apple.product-type.bundle.unit-test";
		};
		2E436A6229AF4388005DB4A3 /* iOS-CalculatorUITests */ = {
			isa = PBXNativeTarget;
			buildConfigurationList = 2E436A7329AF4388005DB4A3 /* Build configuration list for PBXNativeTarget "iOS-CalculatorUITests" */;
			buildPhases = (
				2E436A5F29AF4388005DB4A3 /* Sources */,
				2E436A6029AF4388005DB4A3 /* Frameworks */,
				2E436A6129AF4388005DB4A3 /* Resources */,
			);
			buildRules = (
			);
			dependencies = (
				2E436A6529AF4388005DB4A3 /* PBXTargetDependency */,
			);
			name = "iOS-CalculatorUITests";
			productName = "iOS-CalculatorUITests";
			productReference = 2E436A6329AF4388005DB4A3 /* iOS-CalculatorUITests.xctest */;
			productType = "com.apple.product-type.bundle.ui-testing";
		};
/* End PBXNativeTarget section */

/* Begin PBXProject section */
		2E436A3B29AF4384005DB4A3 /* Project object */ = {
			isa = PBXProject;
			attributes = {
				BuildIndependentTargetsInParallel = 1;
				LastSwiftUpdateCheck = 1340;
				LastUpgradeCheck = 1340;
				TargetAttributes = {
					2E436A4229AF4384005DB4A3 = {
						CreatedOnToolsVersion = 13.4;
					};
					2E436A5829AF4388005DB4A3 = {
						CreatedOnToolsVersion = 13.4;
						TestTargetID = 2E436A4229AF4384005DB4A3;
					};
					2E436A6229AF4388005DB4A3 = {
						CreatedOnToolsVersion = 13.4;
						TestTargetID = 2E436A4229AF4384005DB4A3;
					};
				};
			};
			buildConfigurationList = 2E436A3E29AF4384005DB4A3 /* Build configuration list for PBXProject "iOS-Calculator" */;
			compatibilityVersion = "Xcode 13.0";
			developmentRegion = en;
			hasScannedForEncodings = 0;
			knownRegions = (
				en,
				Base,
			);
			mainGroup = 2E436A3A29AF4384005DB4A3;
			productRefGroup = 2E436A4429AF4384005DB4A3 /* Products */;
			projectDirPath = "";
			projectRoot = "";
			targets = (
				2E436A4229AF4384005DB4A3 /* iOS-Calculator */,
				2E436A5829AF4388005DB4A3 /* iOS-CalculatorTests */,
				2E436A6229AF4388005DB4A3 /* iOS-CalculatorUITests */,
			);
		};
/* End PBXProject section */

/* Begin PBXResourcesBuildPhase section */
		2E436A4129AF4384005DB4A3 /* Resources */ = {
			isa = PBXResourcesBuildPhase;
			buildActionMask = 2147483647;
			files = (
				2E436A5329AF4388005DB4A3 /* LaunchScreen.storyboard in Resources */,
				2E436A5029AF4388005DB4A3 /* Assets.xcassets in Resources */,
				2EC53F6429B094370064100B /* HomeViewController.xib in Resources */,
			);
			runOnlyForDeploymentPostprocessing = 0;
		};
		2E436A5729AF4388005DB4A3 /* Resources */ = {
			isa = PBXResourcesBuildPhase;
			buildActionMask = 2147483647;
			files = (
			);
			runOnlyForDeploymentPostprocessing = 0;
		};
		2E436A6129AF4388005DB4A3 /* Resources */ = {
			isa = PBXResourcesBuildPhase;
			buildActionMask = 2147483647;
			files = (
			);
			runOnlyForDeploymentPostprocessing = 0;
		};
/* End PBXResourcesBuildPhase section */

/* Begin PBXSourcesBuildPhase section */
		2E436A3F29AF4384005DB4A3 /* Sources */ = {
			isa = PBXSourcesBuildPhase;
			buildActionMask = 2147483647;
			files = (
				2E436A4729AF4384005DB4A3 /* AppDelegate.swift in Sources */,
				2E436A4929AF4384005DB4A3 /* SceneDelegate.swift in Sources */,
				2E78322629B1F0670095851F /* UIButtonExtesion.swift in Sources */,
				2EC53F6329B094370064100B /* HomeViewController.swift in Sources */,
			);
			runOnlyForDeploymentPostprocessing = 0;
		};
		2E436A5529AF4388005DB4A3 /* Sources */ = {
			isa = PBXSourcesBuildPhase;
			buildActionMask = 2147483647;
			files = (
				2E436A5E29AF4388005DB4A3 /* iOS_CalculatorTests.swift in Sources */,
			);
			runOnlyForDeploymentPostprocessing = 0;
		};
		2E436A5F29AF4388005DB4A3 /* Sources */ = {
			isa = PBXSourcesBuildPhase;
			buildActionMask = 2147483647;
			files = (
				2E436A6A29AF4388005DB4A3 /* iOS_CalculatorUITestsLaunchTests.swift in Sources */,
				2E436A6829AF4388005DB4A3 /* iOS_CalculatorUITests.swift in Sources */,
			);
			runOnlyForDeploymentPostprocessing = 0;
		};
/* End PBXSourcesBuildPhase section */

/* Begin PBXTargetDependency section */
		2E436A5B29AF4388005DB4A3 /* PBXTargetDependency */ = {
			isa = PBXTargetDependency;
			target = 2E436A4229AF4384005DB4A3 /* iOS-Calculator */;
			targetProxy = 2E436A5A29AF4388005DB4A3 /* PBXContainerItemProxy */;
		};
		2E436A6529AF4388005DB4A3 /* PBXTargetDependency */ = {
			isa = PBXTargetDependency;
			target = 2E436A4229AF4384005DB4A3 /* iOS-Calculator */;
			targetProxy = 2E436A6429AF4388005DB4A3 /* PBXContainerItemProxy */;
		};
/* End PBXTargetDependency section */

/* Begin PBXVariantGroup section */
		2E436A5129AF4388005DB4A3 /* LaunchScreen.storyboard */ = {
			isa = PBXVariantGroup;
			children = (
				2E436A5229AF4388005DB4A3 /* Base */,
			);
			name = LaunchScreen.storyboard;
			sourceTree = "<group>";
		};
/* End PBXVariantGroup section */

/* Begin XCBuildConfiguration section */
		2E436A6B29AF4388005DB4A3 /* Debug */ = {
			isa = XCBuildConfiguration;
			buildSettings = {
				ALWAYS_SEARCH_USER_PATHS = NO;
				CLANG_ANALYZER_NONNULL = YES;
				CLANG_ANALYZER_NUMBER_OBJECT_CONVERSION = YES_AGGRESSIVE;
				CLANG_CXX_LANGUAGE_STANDARD = "gnu++17";
				CLANG_ENABLE_MODULES = YES;
				CLANG_ENABLE_OBJC_ARC = YES;
				CLANG_ENABLE_OBJC_WEAK = YES;
				CLANG_WARN_BLOCK_CAPTURE_AUTORELEASING = YES;
				CLANG_WARN_BOOL_CONVERSION = YES;
				CLANG_WARN_COMMA = YES;
				CLANG_WARN_CONSTANT_CONVERSION = YES;
				CLANG_WARN_DEPRECATED_OBJC_IMPLEMENTATIONS = YES;
				CLANG_WARN_DIRECT_OBJC_ISA_USAGE = YES_ERROR;
				CLANG_WARN_DOCUMENTATION_COMMENTS = YES;
				CLANG_WARN_EMPTY_BODY = YES;
				CLANG_WARN_ENUM_CONVERSION = YES;
				CLANG_WARN_INFINITE_RECURSION = YES;
				CLANG_WARN_INT_CONVERSION = YES;
				CLANG_WARN_NON_LITERAL_NULL_CONVERSION = YES;
				CLANG_WARN_OBJC_IMPLICIT_RETAIN_SELF = YES;
				CLANG_WARN_OBJC_LITERAL_CONVERSION = YES;
				CLANG_WARN_OBJC_ROOT_CLASS = YES_ERROR;
				CLANG_WARN_QUOTED_INCLUDE_IN_FRAMEWORK_HEADER = YES;
				CLANG_WARN_RANGE_LOOP_ANALYSIS = YES;
				CLANG_WARN_STRICT_PROTOTYPES = YES;
				CLANG_WARN_SUSPICIOUS_MOVE = YES;
				CLANG_WARN_UNGUARDED_AVAILABILITY = YES_AGGRESSIVE;
				CLANG_WARN_UNREACHABLE_CODE = YES;
				CLANG_WARN__DUPLICATE_METHOD_MATCH = YES;
				COPY_PHASE_STRIP = NO;
				DEBUG_INFORMATION_FORMAT = dwarf;
				ENABLE_STRICT_OBJC_MSGSEND = YES;
				ENABLE_TESTABILITY = YES;
				GCC_C_LANGUAGE_STANDARD = gnu11;
				GCC_DYNAMIC_NO_PIC = NO;
				GCC_NO_COMMON_BLOCKS = YES;
				GCC_OPTIMIZATION_LEVEL = 0;
				GCC_PREPROCESSOR_DEFINITIONS = (
					"DEBUG=1",
					"$(inherited)",
				);
				GCC_WARN_64_TO_32_BIT_CONVERSION = YES;
				GCC_WARN_ABOUT_RETURN_TYPE = YES_ERROR;
				GCC_WARN_UNDECLARED_SELECTOR = YES;
				GCC_WARN_UNINITIALIZED_AUTOS = YES_AGGRESSIVE;
				GCC_WARN_UNUSED_FUNCTION = YES;
				GCC_WARN_UNUSED_VARIABLE = YES;
				IPHONEOS_DEPLOYMENT_TARGET = 15.5;
				MTL_ENABLE_DEBUG_INFO = INCLUDE_SOURCE;
				MTL_FAST_MATH = YES;
				ONLY_ACTIVE_ARCH = YES;
				SDKROOT = iphoneos;
				SWIFT_ACTIVE_COMPILATION_CONDITIONS = DEBUG;
				SWIFT_OPTIMIZATION_LEVEL = "-Onone";
			};
			name = Debug;
		};
		2E436A6C29AF4388005DB4A3 /* Release */ = {
			isa = XCBuildConfiguration;
			buildSettings = {
				ALWAYS_SEARCH_USER_PATHS = NO;
				CLANG_ANALYZER_NONNULL = YES;
				CLANG_ANALYZER_NUMBER_OBJECT_CONVERSION = YES_AGGRESSIVE;
				CLANG_CXX_LANGUAGE_STANDARD = "gnu++17";
				CLANG_ENABLE_MODULES = YES;
				CLANG_ENABLE_OBJC_ARC = YES;
				CLANG_ENABLE_OBJC_WEAK = YES;
				CLANG_WARN_BLOCK_CAPTURE_AUTORELEASING = YES;
				CLANG_WARN_BOOL_CONVERSION = YES;
				CLANG_WARN_COMMA = YES;
				CLANG_WARN_CONSTANT_CONVERSION = YES;
				CLANG_WARN_DEPRECATED_OBJC_IMPLEMENTATIONS = YES;
				CLANG_WARN_DIRECT_OBJC_ISA_USAGE = YES_ERROR;
				CLANG_WARN_DOCUMENTATION_COMMENTS = YES;
				CLANG_WARN_EMPTY_BODY = YES;
				CLANG_WARN_ENUM_CONVERSION = YES;
				CLANG_WARN_INFINITE_RECURSION = YES;
				CLANG_WARN_INT_CONVERSION = YES;
				CLANG_WARN_NON_LITERAL_NULL_CONVERSION = YES;
				CLANG_WARN_OBJC_IMPLICIT_RETAIN_SELF = YES;
				CLANG_WARN_OBJC_LITERAL_CONVERSION = YES;
				CLANG_WARN_OBJC_ROOT_CLASS = YES_ERROR;
				CLANG_WARN_QUOTED_INCLUDE_IN_FRAMEWORK_HEADER = YES;
				CLANG_WARN_RANGE_LOOP_ANALYSIS = YES;
				CLANG_WARN_STRICT_PROTOTYPES = YES;
				CLANG_WARN_SUSPICIOUS_MOVE = YES;
				CLANG_WARN_UNGUARDED_AVAILABILITY = YES_AGGRESSIVE;
				CLANG_WARN_UNREACHABLE_CODE = YES;
				CLANG_WARN__DUPLICATE_METHOD_MATCH = YES;
				COPY_PHASE_STRIP = NO;
				DEBUG_INFORMATION_FORMAT = "dwarf-with-dsym";
				ENABLE_NS_ASSERTIONS = NO;
				ENABLE_STRICT_OBJC_MSGSEND = YES;
				GCC_C_LANGUAGE_STANDARD = gnu11;
				GCC_NO_COMMON_BLOCKS = YES;
				GCC_WARN_64_TO_32_BIT_CONVERSION = YES;
				GCC_WARN_ABOUT_RETURN_TYPE = YES_ERROR;
				GCC_WARN_UNDECLARED_SELECTOR = YES;
				GCC_WARN_UNINITIALIZED_AUTOS = YES_AGGRESSIVE;
				GCC_WARN_UNUSED_FUNCTION = YES;
				GCC_WARN_UNUSED_VARIABLE = YES;
				IPHONEOS_DEPLOYMENT_TARGET = 15.5;
				MTL_ENABLE_DEBUG_INFO = NO;
				MTL_FAST_MATH = YES;
				SDKROOT = iphoneos;
				SWIFT_COMPILATION_MODE = wholemodule;
				SWIFT_OPTIMIZATION_LEVEL = "-O";
				VALIDATE_PRODUCT = YES;
			};
			name = Release;
		};
		2E436A6E29AF4388005DB4A3 /* Debug */ = {
			isa = XCBuildConfiguration;
			buildSettings = {
				ASSETCATALOG_COMPILER_APPICON_NAME = AppIcon;
				ASSETCATALOG_COMPILER_GLOBAL_ACCENT_COLOR_NAME = AccentColor;
				CODE_SIGN_STYLE = Automatic;
				CURRENT_PROJECT_VERSION = 1;
				GENERATE_INFOPLIST_FILE = YES;
				INFOPLIST_FILE = "iOS-Calculator/Info.plist";
				INFOPLIST_KEY_CFBundleDisplayName = "iOS Calculator";
				INFOPLIST_KEY_UIApplicationSupportsIndirectInputEvents = YES;
				INFOPLIST_KEY_UILaunchStoryboardName = LaunchScreen;
				INFOPLIST_KEY_UISupportedInterfaceOrientations = "UIInterfaceOrientationPortrait UIInterfaceOrientationLandscapeLeft UIInterfaceOrientationLandscapeRight";
				INFOPLIST_KEY_UISupportedInterfaceOrientations_iPad = "UIInterfaceOrientationPortrait UIInterfaceOrientationPortraitUpsideDown UIInterfaceOrientationLandscapeLeft UIInterfaceOrientationLandscapeRight";
				INFOPLIST_KEY_UISupportedInterfaceOrientations_iPhone = "UIInterfaceOrientationPortrait UIInterfaceOrientationLandscapeLeft UIInterfaceOrientationLandscapeRight";
				LD_RUNPATH_SEARCH_PATHS = (
					"$(inherited)",
					"@executable_path/Frameworks",
				);
				MARKETING_VERSION = 1.0;
				PRODUCT_BUNDLE_IDENTIFIER = "RodriguesDiego.iOS-Calculator";
				PRODUCT_NAME = "$(TARGET_NAME)";
				SWIFT_EMIT_LOC_STRINGS = YES;
				SWIFT_VERSION = 5.0;
				TARGETED_DEVICE_FAMILY = "1,2";
			};
			name = Debug;
		};
		2E436A6F29AF4388005DB4A3 /* Release */ = {
			isa = XCBuildConfiguration;
			buildSettings = {
				ASSETCATALOG_COMPILER_APPICON_NAME = AppIcon;
				ASSETCATALOG_COMPILER_GLOBAL_ACCENT_COLOR_NAME = AccentColor;
				CODE_SIGN_STYLE = Automatic;
				CURRENT_PROJECT_VERSION = 1;
				GENERATE_INFOPLIST_FILE = YES;
				INFOPLIST_FILE = "iOS-Calculator/Info.plist";
				INFOPLIST_KEY_CFBundleDisplayName = "iOS Calculator";
				INFOPLIST_KEY_UIApplicationSupportsIndirectInputEvents = YES;
				INFOPLIST_KEY_UILaunchStoryboardName = LaunchScreen;
				INFOPLIST_KEY_UISupportedInterfaceOrientations = "UIInterfaceOrientationPortrait UIInterfaceOrientationLandscapeLeft UIInterfaceOrientationLandscapeRight";
				INFOPLIST_KEY_UISupportedInterfaceOrientations_iPad = "UIInterfaceOrientationPortrait UIInterfaceOrientationPortraitUpsideDown UIInterfaceOrientationLandscapeLeft UIInterfaceOrientationLandscapeRight";
				INFOPLIST_KEY_UISupportedInterfaceOrientations_iPhone = "UIInterfaceOrientationPortrait UIInterfaceOrientationLandscapeLeft UIInterfaceOrientationLandscapeRight";
				LD_RUNPATH_SEARCH_PATHS = (
					"$(inherited)",
					"@executable_path/Frameworks",
				);
				MARKETING_VERSION = 1.0;
				PRODUCT_BUNDLE_IDENTIFIER = "RodriguesDiego.iOS-Calculator";
				PRODUCT_NAME = "$(TARGET_NAME)";
				SWIFT_EMIT_LOC_STRINGS = YES;
				SWIFT_VERSION = 5.0;
				TARGETED_DEVICE_FAMILY = "1,2";
			};
			name = Release;
		};
		2E436A7129AF4388005DB4A3 /* Debug */ = {
			isa = XCBuildConfiguration;
			buildSettings = {
				ALWAYS_EMBED_SWIFT_STANDARD_LIBRARIES = YES;
				BUNDLE_LOADER = "$(TEST_HOST)";
				CODE_SIGN_STYLE = Automatic;
				CURRENT_PROJECT_VERSION = 1;
				GENERATE_INFOPLIST_FILE = YES;
				IPHONEOS_DEPLOYMENT_TARGET = 15.5;
				MARKETING_VERSION = 1.0;
				PRODUCT_BUNDLE_IDENTIFIER = "RodriguesDiego.iOS-CalculatorTests";
				PRODUCT_NAME = "$(TARGET_NAME)";
				SWIFT_EMIT_LOC_STRINGS = NO;
				SWIFT_VERSION = 5.0;
				TARGETED_DEVICE_FAMILY = "1,2";
				TEST_HOST = "$(BUILT_PRODUCTS_DIR)/iOS-Calculator.app/iOS-Calculator";
			};
			name = Debug;
		};
		2E436A7229AF4388005DB4A3 /* Release */ = {
			isa = XCBuildConfiguration;
			buildSettings = {
				ALWAYS_EMBED_SWIFT_STANDARD_LIBRARIES = YES;
				BUNDLE_LOADER = "$(TEST_HOST)";
				CODE_SIGN_STYLE = Automatic;
				CURRENT_PROJECT_VERSION = 1;
				GENERATE_INFOPLIST_FILE = YES;
				IPHONEOS_DEPLOYMENT_TARGET = 15.5;
				MARKETING_VERSION = 1.0;
				PRODUCT_BUNDLE_IDENTIFIER = "RodriguesDiego.iOS-CalculatorTests";
				PRODUCT_NAME = "$(TARGET_NAME)";
				SWIFT_EMIT_LOC_STRINGS = NO;
				SWIFT_VERSION = 5.0;
				TARGETED_DEVICE_FAMILY = "1,2";
				TEST_HOST = "$(BUILT_PRODUCTS_DIR)/iOS-Calculator.app/iOS-Calculator";
			};
			name = Release;
		};
		2E436A7429AF4388005DB4A3 /* Debug */ = {
			isa = XCBuildConfiguration;
			buildSettings = {
				ALWAYS_EMBED_SWIFT_STANDARD_LIBRARIES = YES;
				CODE_SIGN_STYLE = Automatic;
				CURRENT_PROJECT_VERSION = 1;
				GENERATE_INFOPLIST_FILE = YES;
				MARKETING_VERSION = 1.0;
				PRODUCT_BUNDLE_IDENTIFIER = "RodriguesDiego.iOS-CalculatorUITests";
				PRODUCT_NAME = "$(TARGET_NAME)";
				SWIFT_EMIT_LOC_STRINGS = NO;
				SWIFT_VERSION = 5.0;
				TARGETED_DEVICE_FAMILY = "1,2";
				TEST_TARGET_NAME = "iOS-Calculator";
			};
			name = Debug;
		};
		2E436A7529AF4388005DB4A3 /* Release */ = {
			isa = XCBuildConfiguration;
			buildSettings = {
				ALWAYS_EMBED_SWIFT_STANDARD_LIBRARIES = YES;
				CODE_SIGN_STYLE = Automatic;
				CURRENT_PROJECT_VERSION = 1;
				GENERATE_INFOPLIST_FILE = YES;
				MARKETING_VERSION = 1.0;
				PRODUCT_BUNDLE_IDENTIFIER = "RodriguesDiego.iOS-CalculatorUITests";
				PRODUCT_NAME = "$(TARGET_NAME)";
				SWIFT_EMIT_LOC_STRINGS = NO;
				SWIFT_VERSION = 5.0;
				TARGETED_DEVICE_FAMILY = "1,2";
				TEST_TARGET_NAME = "iOS-Calculator";
			};
			name = Release;
		};
/* End XCBuildConfiguration section */

/* Begin XCConfigurationList section */
		2E436A3E29AF4384005DB4A3 /* Build configuration list for PBXProject "iOS-Calculator" */ = {
			isa = XCConfigurationList;
			buildConfigurations = (
				2E436A6B29AF4388005DB4A3 /* Debug */,
				2E436A6C29AF4388005DB4A3 /* Release */,
			);
			defaultConfigurationIsVisible = 0;
			defaultConfigurationName = Release;
		};
		2E436A6D29AF4388005DB4A3 /* Build configuration list for PBXNativeTarget "iOS-Calculator" */ = {
			isa = XCConfigurationList;
			buildConfigurations = (
				2E436A6E29AF4388005DB4A3 /* Debug */,
				2E436A6F29AF4388005DB4A3 /* Release */,
			);
			defaultConfigurationIsVisible = 0;
			defaultConfigurationName = Release;
		};
		2E436A7029AF4388005DB4A3 /* Build configuration list for PBXNativeTarget "iOS-CalculatorTests" */ = {
			isa = XCConfigurationList;
			buildConfigurations = (
				2E436A7129AF4388005DB4A3 /* Debug */,
				2E436A7229AF4388005DB4A3 /* Release */,
			);
			defaultConfigurationIsVisible = 0;
			defaultConfigurationName = Release;
		};
		2E436A7329AF4388005DB4A3 /* Build configuration list for PBXNativeTarget "iOS-CalculatorUITests" */ = {
			isa = XCConfigurationList;
			buildConfigurations = (
				2E436A7429AF4388005DB4A3 /* Debug */,
				2E436A7529AF4388005DB4A3 /* Release */,
			);
			defaultConfigurationIsVisible = 0;
			defaultConfigurationName = Release;
		};
/* End XCConfigurationList section */
	};
	rootObject = 2E436A3B29AF4384005DB4A3 /* Project object */;
}
